// !$*UTF8*$!
{
	archiveVersion = 1;
	classes = {
	};
	objectVersion = 46;
	objects = {

/* Begin PBXBuildFile section */
		BF4CCECA1A8082CA00C64337 /* main.m in Sources */ = {isa = PBXBuildFile; fileRef = BF4CCEC91A8082CA00C64337 /* main.m */; };
		BF4CCECD1A8082CA00C64337 /* AppDelegate.m in Sources */ = {isa = PBXBuildFile; fileRef = BF4CCECC1A8082CA00C64337 /* AppDelegate.m */; };
		BF4CCED01A8082CA00C64337 /* ViewController.m in Sources */ = {isa = PBXBuildFile; fileRef = BF4CCECF1A8082CA00C64337 /* ViewController.m */; };
		BF4CCED31A8082CA00C64337 /* Main.storyboard in Resources */ = {isa = PBXBuildFile; fileRef = BF4CCED11A8082CA00C64337 /* Main.storyboard */; };
		BF4CCED51A8082CA00C64337 /* Images.xcassets in Resources */ = {isa = PBXBuildFile; fileRef = BF4CCED41A8082CA00C64337 /* Images.xcassets */; };
		BF4CCED81A8082CA00C64337 /* LaunchScreen.xib in Resources */ = {isa = PBXBuildFile; fileRef = BF4CCED61A8082CA00C64337 /* LaunchScreen.xib */; };
		BF4CCEE41A8082CA00C64337 /* Rotten_TomatoTests.m in Sources */ = {isa = PBXBuildFile; fileRef = BF4CCEE31A8082CA00C64337 /* Rotten_TomatoTests.m */; };
/* End PBXBuildFile section */

/* Begin PBXContainerItemProxy section */
		BF4CCEDE1A8082CA00C64337 /* PBXContainerItemProxy */ = {
			isa = PBXContainerItemProxy;
			containerPortal = BF4CCEBC1A8082CA00C64337 /* Project object */;
			proxyType = 1;
			remoteGlobalIDString = BF4CCEC31A8082CA00C64337;
			remoteInfo = "Rotten Tomato";
		};
/* End PBXContainerItemProxy section */

/* Begin PBXFileReference section */
		BF4CCEC41A8082CA00C64337 /* Rotten Tomato.app */ = {isa = PBXFileReference; explicitFileType = wrapper.application; includeInIndex = 0; path = "Rotten Tomato.app"; sourceTree = BUILT_PRODUCTS_DIR; };
		BF4CCEC81A8082CA00C64337 /* Info.plist */ = {isa = PBXFileReference; lastKnownFileType = text.plist.xml; path = Info.plist; sourceTree = "<group>"; };
		BF4CCEC91A8082CA00C64337 /* main.m */ = {isa = PBXFileReference; lastKnownFileType = sourcecode.c.objc; path = main.m; sourceTree = "<group>"; };
		BF4CCECB1A8082CA00C64337 /* AppDelegate.h */ = {isa = PBXFileReference; lastKnownFileType = sourcecode.c.h; path = AppDelegate.h; sourceTree = "<group>"; };
		BF4CCECC1A8082CA00C64337 /* AppDelegate.m */ = {isa = PBXFileReference; lastKnownFileType = sourcecode.c.objc; path = AppDelegate.m; sourceTree = "<group>"; };
		BF4CCECE1A8082CA00C64337 /* ViewController.h */ = {isa = PBXFileReference; lastKnownFileType = sourcecode.c.h; path = ViewController.h; sourceTree = "<group>"; };
		BF4CCECF1A8082CA00C64337 /* ViewController.m */ = {isa = PBXFileReference; lastKnownFileType = sourcecode.c.objc; path = ViewController.m; sourceTree = "<group>"; };
		BF4CCED21A8082CA00C64337 /* Base */ = {isa = PBXFileReference; lastKnownFileType = file.storyboard; name = Base; path = Base.lproj/Main.storyboard; sourceTree = "<group>"; };
		BF4CCED41A8082CA00C64337 /* Images.xcassets */ = {isa = PBXFileReference; lastKnownFileType = folder.assetcatalog; path = Images.xcassets; sourceTree = "<group>"; };
		BF4CCED71A8082CA00C64337 /* Base */ = {isa = PBXFileReference; lastKnownFileType = file.xib; name = Base; path = Base.lproj/LaunchScreen.xib; sourceTree = "<group>"; };
		BF4CCEDD1A8082CA00C64337 /* Rotten TomatoTests.xctest */ = {isa = PBXFileReference; explicitFileType = wrapper.cfbundle; includeInIndex = 0; path = "Rotten TomatoTests.xctest"; sourceTree = BUILT_PRODUCTS_DIR; };
		BF4CCEE21A8082CA00C64337 /* Info.plist */ = {isa = PBXFileReference; lastKnownFileType = text.plist.xml; path = Info.plist; sourceTree = "<group>"; };
		BF4CCEE31A8082CA00C64337 /* Rotten_TomatoTests.m */ = {isa = PBXFileReference; lastKnownFileType = sourcecode.c.objc; path = Rotten_TomatoTests.m; sourceTree = "<group>"; };
/* End PBXFileReference section */

/* Begin PBXFrameworksBuildPhase section */
		BF4CCEC11A8082CA00C64337 /* Frameworks */ = {
			isa = PBXFrameworksBuildPhase;
			buildActionMask = 2147483647;
			files = (
			);
			runOnlyForDeploymentPostprocessing = 0;
		};
		BF4CCEDA1A8082CA00C64337 /* Frameworks */ = {
			isa = PBXFrameworksBuildPhase;
			buildActionMask = 2147483647;
			files = (
			);
			runOnlyForDeploymentPostprocessing = 0;
		};
/* End PBXFrameworksBuildPhase section */

/* Begin PBXGroup section */
		BF4CCEBB1A8082CA00C64337 = {
			isa = PBXGroup;
			children = (
				BF4CCEC61A8082CA00C64337 /* Rotten Tomato */,
				BF4CCEE01A8082CA00C64337 /* Rotten TomatoTests */,
				BF4CCEC51A8082CA00C64337 /* Products */,
			);
			sourceTree = "<group>";
		};
		BF4CCEC51A8082CA00C64337 /* Products */ = {
			isa = PBXGroup;
			children = (
				BF4CCEC41A8082CA00C64337 /* Rotten Tomato.app */,
				BF4CCEDD1A8082CA00C64337 /* Rotten TomatoTests.xctest */,
			);
			name = Products;
			sourceTree = "<group>";
		};
		BF4CCEC61A8082CA00C64337 /* Rotten Tomato */ = {
			isa = PBXGroup;
			children = (
				BF4CCECB1A8082CA00C64337 /* AppDelegate.h */,
				BF4CCECC1A8082CA00C64337 /* AppDelegate.m */,
				BF4CCECE1A8082CA00C64337 /* ViewController.h */,
				BF4CCECF1A8082CA00C64337 /* ViewController.m */,
				BF4CCED11A8082CA00C64337 /* Main.storyboard */,
				BF4CCED41A8082CA00C64337 /* Images.xcassets */,
				BF4CCED61A8082CA00C64337 /* LaunchScreen.xib */,
				BF4CCEC71A8082CA00C64337 /* Supporting Files */,
			);
			path = "Rotten Tomato";
			sourceTree = "<group>";
		};
		BF4CCEC71A8082CA00C64337 /* Supporting Files */ = {
			isa = PBXGroup;
			children = (
				BF4CCEC81A8082CA00C64337 /* Info.plist */,
				BF4CCEC91A8082CA00C64337 /* main.m */,
			);
			name = "Supporting Files";
			sourceTree = "<group>";
		};
		BF4CCEE01A8082CA00C64337 /* Rotten TomatoTests */ = {
			isa = PBXGroup;
			children = (
				BF4CCEE31A8082CA00C64337 /* Rotten_TomatoTests.m */,
				BF4CCEE11A8082CA00C64337 /* Supporting Files */,
			);
			path = "Rotten TomatoTests";
			sourceTree = "<group>";
		};
		BF4CCEE11A8082CA00C64337 /* Supporting Files */ = {
			isa = PBXGroup;
			children = (
				BF4CCEE21A8082CA00C64337 /* Info.plist */,
			);
			name = "Supporting Files";
			sourceTree = "<group>";
		};
/* End PBXGroup section */

/* Begin PBXNativeTarget section */
		BF4CCEC31A8082CA00C64337 /* Rotten Tomato */ = {
			isa = PBXNativeTarget;
			buildConfigurationList = BF4CCEE71A8082CA00C64337 /* Build configuration list for PBXNativeTarget "Rotten Tomato" */;
			buildPhases = (
				BF4CCEC01A8082CA00C64337 /* Sources */,
				BF4CCEC11A8082CA00C64337 /* Frameworks */,
				BF4CCEC21A8082CA00C64337 /* Resources */,
			);
			buildRules = (
			);
			dependencies = (
			);
			name = "Rotten Tomato";
			productName = "Rotten Tomato";
			productReference = BF4CCEC41A8082CA00C64337 /* Rotten Tomato.app */;
			productType = "com.apple.product-type.application";
		};
		BF4CCEDC1A8082CA00C64337 /* Rotten TomatoTests */ = {
			isa = PBXNativeTarget;
			buildConfigurationList = BF4CCEEA1A8082CA00C64337 /* Build configuration list for PBXNativeTarget "Rotten TomatoTests" */;
			buildPhases = (
				BF4CCED91A8082CA00C64337 /* Sources */,
				BF4CCEDA1A8082CA00C64337 /* Frameworks */,
				BF4CCEDB1A8082CA00C64337 /* Resources */,
			);
			buildRules = (
			);
			dependencies = (
				BF4CCEDF1A8082CA00C64337 /* PBXTargetDependency */,
			);
			name = "Rotten TomatoTests";
			productName = "Rotten TomatoTests";
			productReference = BF4CCEDD1A8082CA00C64337 /* Rotten TomatoTests.xctest */;
			productType = "com.apple.product-type.bundle.unit-test";
		};
/* End PBXNativeTarget section */

/* Begin PBXProject section */
		BF4CCEBC1A8082CA00C64337 /* Project object */ = {
			isa = PBXProject;
			attributes = {
				LastUpgradeCheck = 0610;
				ORGANIZATIONNAME = "David Tong";
				TargetAttributes = {
					BF4CCEC31A8082CA00C64337 = {
						CreatedOnToolsVersion = 6.1.1;
					};
					BF4CCEDC1A8082CA00C64337 = {
						CreatedOnToolsVersion = 6.1.1;
						TestTargetID = BF4CCEC31A8082CA00C64337;
					};
				};
			};
			buildConfigurationList = BF4CCEBF1A8082CA00C64337 /* Build configuration list for PBXProject "Rotten Tomato" */;
			compatibilityVersion = "Xcode 3.2";
			developmentRegion = English;
			hasScannedForEncodings = 0;
			knownRegions = (
				en,
				Base,
			);
			mainGroup = BF4CCEBB1A8082CA00C64337;
			productRefGroup = BF4CCEC51A8082CA00C64337 /* Products */;
			projectDirPath = "";
			projectRoot = "";
			targets = (
				BF4CCEC31A8082CA00C64337 /* Rotten Tomato */,
				BF4CCEDC1A8082CA00C64337 /* Rotten TomatoTests */,
			);
		};
/* End PBXProject section */

/* Begin PBXResourcesBuildPhase section */
		BF4CCEC21A8082CA00C64337 /* Resources */ = {
			isa = PBXResourcesBuildPhase;
			buildActionMask = 2147483647;
			files = (
				BF4CCED31A8082CA00C64337 /* Main.storyboard in Resources */,
				BF4CCED81A8082CA00C64337 /* LaunchScreen.xib in Resources */,
				BF4CCED51A8082CA00C64337 /* Images.xcassets in Resources */,
			);
			runOnlyForDeploymentPostprocessing = 0;
		};
		BF4CCEDB1A8082CA00C64337 /* Resources */ = {
			isa = PBXResourcesBuildPhase;
			buildActionMask = 2147483647;
			files = (
			);
			runOnlyForDeploymentPostprocessing = 0;
		};
/* End PBXResourcesBuildPhase section */

/* Begin PBXSourcesBuildPhase section */
		BF4CCEC01A8082CA00C64337 /* Sources */ = {
			isa = PBXSourcesBuildPhase;
			buildActionMask = 2147483647;
			files = (
				BF4CCED01A8082CA00C64337 /* ViewController.m in Sources */,
				BF4CCECD1A8082CA00C64337 /* AppDelegate.m in Sources */,
				BF4CCECA1A8082CA00C64337 /* main.m in Sources */,
			);
			runOnlyForDeploymentPostprocessing = 0;
		};
		BF4CCED91A8082CA00C64337 /* Sources */ = {
			isa = PBXSourcesBuildPhase;
			buildActionMask = 2147483647;
			files = (
				BF4CCEE41A8082CA00C64337 /* Rotten_TomatoTests.m in Sources */,
			);
			runOnlyForDeploymentPostprocessing = 0;
		};
/* End PBXSourcesBuildPhase section */

/* Begin PBXTargetDependency section */
		BF4CCEDF1A8082CA00C64337 /* PBXTargetDependency */ = {
			isa = PBXTargetDependency;
			target = BF4CCEC31A8082CA00C64337 /* Rotten Tomato */;
			targetProxy = BF4CCEDE1A8082CA00C64337 /* PBXContainerItemProxy */;
		};
/* End PBXTargetDependency section */

/* Begin PBXVariantGroup section */
		BF4CCED11A8082CA00C64337 /* Main.storyboard */ = {
			isa = PBXVariantGroup;
			children = (
				BF4CCED21A8082CA00C64337 /* Base */,
			);
			name = Main.storyboard;
			sourceTree = "<group>";
		};
		BF4CCED61A8082CA00C64337 /* LaunchScreen.xib */ = {
			isa = PBXVariantGroup;
			children = (
				BF4CCED71A8082CA00C64337 /* Base */,
			);
			name = LaunchScreen.xib;
			sourceTree = "<group>";
		};
/* End PBXVariantGroup section */

/* Begin XCBuildConfiguration section */
		BF4CCEE51A8082CA00C64337 /* Debug */ = {
			isa = XCBuildConfiguration;
			buildSettings = {
				ALWAYS_SEARCH_USER_PATHS = NO;
				CLANG_CXX_LANGUAGE_STANDARD = "gnu++0x";
				CLANG_CXX_LIBRARY = "libc++";
				CLANG_ENABLE_MODULES = YES;
				CLANG_ENABLE_OBJC_ARC = YES;
				CLANG_WARN_BOOL_CONVERSION = YES;
				CLANG_WARN_CONSTANT_CONVERSION = YES;
				CLANG_WARN_DIRECT_OBJC_ISA_USAGE = YES_ERROR;
				CLANG_WARN_EMPTY_BODY = YES;
				CLANG_WARN_ENUM_CONVERSION = YES;
				CLANG_WARN_INT_CONVERSION = YES;
				CLANG_WARN_OBJC_ROOT_CLASS = YES_ERROR;
				CLANG_WARN_UNREACHABLE_CODE = YES;
				CLANG_WARN__DUPLICATE_METHOD_MATCH = YES;
				"CODE_SIGN_IDENTITY[sdk=iphoneos*]" = "iPhone Developer";
				COPY_PHASE_STRIP = NO;
				ENABLE_STRICT_OBJC_MSGSEND = YES;
				GCC_C_LANGUAGE_STANDARD = gnu99;
				GCC_DYNAMIC_NO_PIC = NO;
				GCC_OPTIMIZATION_LEVEL = 0;
				GCC_PREPROCESSOR_DEFINITIONS = (
					"DEBUG=1",
					"$(inherited)",
				);
				GCC_SYMBOLS_PRIVATE_EXTERN = NO;
				GCC_WARN_64_TO_32_BIT_CONVERSION = YES;
				GCC_WARN_ABOUT_RETURN_TYPE = YES_ERROR;
				GCC_WARN_UNDECLARED_SELECTOR = YES;
				GCC_WARN_UNINITIALIZED_AUTOS = YES_AGGRESSIVE;
				GCC_WARN_UNUSED_FUNCTION = YES;
				GCC_WARN_UNUSED_VARIABLE = YES;
				IPHONEOS_DEPLOYMENT_TARGET = 8.1;
				MTL_ENABLE_DEBUG_INFO = YES;
				ONLY_ACTIVE_ARCH = YES;
				SDKROOT = iphoneos;
				TARGETED_DEVICE_FAMILY = "1,2";
			};
			name = Debug;
		};
		BF4CCEE61A8082CA00C64337 /* Release */ = {
			isa = XCBuildConfiguration;
			buildSettings = {
				ALWAYS_SEARCH_USER_PATHS = NO;
				CLANG_CXX_LANGUAGE_STANDARD = "gnu++0x";
				CLANG_CXX_LIBRARY = "libc++";
				CLANG_ENABLE_MODULES = YES;
				CLANG_ENABLE_OBJC_ARC = YES;
				CLANG_WARN_BOOL_CONVERSION = YES;
				CLANG_WARN_CONSTANT_CONVERSION = YES;
				CLANG_WARN_DIRECT_OBJC_ISA_USAGE = YES_ERROR;
				CLANG_WARN_EMPTY_BODY = YES;
				CLANG_WARN_ENUM_CONVERSION = YES;
				CLANG_WARN_INT_CONVERSION = YES;
				CLANG_WARN_OBJC_ROOT_CLASS = YES_ERROR;
				CLANG_WARN_UNREACHABLE_CODE = YES;
				CLANG_WARN__DUPLICATE_METHOD_MATCH = YES;
				"CODE_SIGN_IDENTITY[sdk=iphoneos*]" = "iPhone Developer";
				COPY_PHASE_STRIP = YES;
				ENABLE_NS_ASSERTIONS = NO;
				ENABLE_STRICT_OBJC_MSGSEND = YES;
				GCC_C_LANGUAGE_STANDARD = gnu99;
				GCC_WARN_64_TO_32_BIT_CONVERSION = YES;
				GCC_WARN_ABOUT_RETURN_TYPE = YES_ERROR;
				GCC_WARN_UNDECLARED_SELECTOR = YES;
				GCC_WARN_UNINITIALIZED_AUTOS = YES_AGGRESSIVE;
				GCC_WARN_UNUSED_FUNCTION = YES;
				GCC_WARN_UNUSED_VARIABLE = YES;
				IPHONEOS_DEPLOYMENT_TARGET = 8.1;
				MTL_ENABLE_DEBUG_INFO = NO;
				SDKROOT = iphoneos;
				TARGETED_DEVICE_FAMILY = "1,2";
				VALIDATE_PRODUCT = YES;
			};
			name = Release;
		};
		BF4CCEE81A8082CA00C64337 /* Debug */ = {
			isa = XCBuildConfiguration;
			buildSettings = {
				ASSETCATALOG_COMPILER_APPICON_NAME = AppIcon;
				INFOPLIST_FILE = "Rotten Tomato/Info.plist";
				LD_RUNPATH_SEARCH_PATHS = "$(inherited) @executable_path/Frameworks";
				PRODUCT_NAME = "$(TARGET_NAME)";
			};
			name = Debug;
		};
		BF4CCEE91A8082CA00C64337 /* Release */ = {
			isa = XCBuildConfiguration;
			buildSettings = {
				ASSETCATALOG_COMPILER_APPICON_NAME = AppIcon;
				INFOPLIST_FILE = "Rotten Tomato/Info.plist";
				LD_RUNPATH_SEARCH_PATHS = "$(inherited) @executable_path/Frameworks";
				PRODUCT_NAME = "$(TARGET_NAME)";
			};
			name = Release;
		};
		BF4CCEEB1A8082CA00C64337 /* Debug */ = {
			isa = XCBuildConfiguration;
			buildSettings = {
				BUNDLE_LOADER = "$(TEST_HOST)";
				FRAMEWORK_SEARCH_PATHS = (
					"$(SDKROOT)/Developer/Library/Frameworks",
					"$(inherited)",
				);
				GCC_PREPROCESSOR_DEFINITIONS = (
					"DEBUG=1",
					"$(inherited)",
				);
				INFOPLIST_FILE = "Rotten TomatoTests/Info.plist";
				LD_RUNPATH_SEARCH_PATHS = "$(inherited) @executable_path/Frameworks @loader_path/Frameworks";
				PRODUCT_NAME = "$(TARGET_NAME)";
				TEST_HOST = "$(BUILT_PRODUCTS_DIR)/Rotten Tomato.app/Rotten Tomato";
			};
			name = Debug;
		};
		BF4CCEEC1A8082CA00C64337 /* Release */ = {
			isa = XCBuildConfiguration;
			buildSettings = {
				BUNDLE_LOADER = "$(TEST_HOST)";
				FRAMEWORK_SEARCH_PATHS = (
					"$(SDKROOT)/Developer/Library/Frameworks",
					"$(inherited)",
				);
				INFOPLIST_FILE = "Rotten TomatoTests/Info.plist";
				LD_RUNPATH_SEARCH_PATHS = "$(inherited) @executable_path/Frameworks @loader_path/Frameworks";
				PRODUCT_NAME = "$(TARGET_NAME)";
				TEST_HOST = "$(BUILT_PRODUCTS_DIR)/Rotten Tomato.app/Rotten Tomato";
			};
			name = Release;
		};
/* End XCBuildConfiguration section */

/* Begin XCConfigurationList section */
		BF4CCEBF1A8082CA00C64337 /* Build configuration list for PBXProject "Rotten Tomato" */ = {
			isa = XCConfigurationList;
			buildConfigurations = (
				BF4CCEE51A8082CA00C64337 /* Debug */,
				BF4CCEE61A8082CA00C64337 /* Release */,
			);
			defaultConfigurationIsVisible = 0;
			defaultConfigurationName = Release;
		};
		BF4CCEE71A8082CA00C64337 /* Build configuration list for PBXNativeTarget "Rotten Tomato" */ = {
			isa = XCConfigurationList;
			buildConfigurations = (
				BF4CCEE81A8082CA00C64337 /* Debug */,
				BF4CCEE91A8082CA00C64337 /* Release */,
			);
			defaultConfigurationIsVisible = 0;
		};
		BF4CCEEA1A8082CA00C64337 /* Build configuration list for PBXNativeTarget "Rotten TomatoTests" */ = {
			isa = XCConfigurationList;
			buildConfigurations = (
				BF4CCEEB1A8082CA00C64337 /* Debug */,
				BF4CCEEC1A8082CA00C64337 /* Release */,
			);
			defaultConfigurationIsVisible = 0;
		};
/* End XCConfigurationList section */
	};
	rootObject = BF4CCEBC1A8082CA00C64337 /* Project object */;
}
